{
  "name": "rhetoric",
  "version": "0.0.1",
  "lockfileVersion": 1,
  "requires": true,
  "dependencies": {
    "@collaboratory/map-factory": {
      "version": "0.0.1",
      "requires": {
        "@collaboratory/craft-forge": "0.0.1"
      },
      "dependencies": {
        "@collaboratory/craft-forge": {
          "bundled": true
        }
      }
    },
    "@collaboratory/schrodinger": {
      "version": "0.0.1"
    }
  }
}
